
Microsoft Visual Studio Solution File, Format Version 12.00
# Visual Studio Version 17
VisualStudioVersion = 17.7.34202.233
MinimumVisualStudioVersion = 10.0.40219.1
Project("{FAE04EC0-301F-11D3-BF4B-00C04F79EFBC}") = "SSDI", "SSDI\SSDI.csproj", "{E0AE465D-697B-43B9-A106-99F894CBD0D0}"
EndProject
Project("{FAE04EC0-301F-11D3-BF4B-00C04F79EFBC}") = "SSDI.Tests", "SSDI.Tests\SSDI.Tests.csproj", "{2BDBE8E6-8FC9-47F3-848C-B35A06DD0EDD}"
EndProject
Global
	GlobalSection(SolutionConfigurationPlatforms) = preSolution
		Debug|Any CPU = Debug|Any CPU
		Debug|x64 = Debug|x64
		Debug|x86 = Debug|x86
		Release|Any CPU = Release|Any CPU
		Release|x64 = Release|x64
		Release|x86 = Release|x86
	EndGlobalSection
	GlobalSection(ProjectConfigurationPlatforms) = postSolution
		{E0AE465D-697B-43B9-A106-99F894CBD0D0}.Debug|Any CPU.ActiveCfg = Debug|Any CPU
		{E0AE465D-697B-43B9-A106-99F894CBD0D0}.Debug|Any CPU.Build.0 = Debug|Any CPU
		{E0AE465D-697B-43B9-A106-99F894CBD0D0}.Debug|x64.ActiveCfg = Debug|Any CPU
		{E0AE465D-697B-43B9-A106-99F894CBD0D0}.Debug|x64.Build.0 = Debug|Any CPU
		{E0AE465D-697B-43B9-A106-99F894CBD0D0}.Debug|x86.ActiveCfg = Debug|Any CPU
		{E0AE465D-697B-43B9-A106-99F894CBD0D0}.Debug|x86.Build.0 = Debug|Any CPU
		{E0AE465D-697B-43B9-A106-99F894CBD0D0}.Release|Any CPU.ActiveCfg = Release|Any CPU
		{E0AE465D-697B-43B9-A106-99F894CBD0D0}.Release|Any CPU.Build.0 = Release|Any CPU
		{E0AE465D-697B-43B9-A106-99F894CBD0D0}.Release|x64.ActiveCfg = Release|Any CPU
		{E0AE465D-697B-43B9-A106-99F894CBD0D0}.Release|x64.Build.0 = Release|Any CPU
		{E0AE465D-697B-43B9-A106-99F894CBD0D0}.Release|x86.ActiveCfg = Release|Any CPU
		{E0AE465D-697B-43B9-A106-99F894CBD0D0}.Release|x86.Build.0 = Release|Any CPU
		{2BDBE8E6-8FC9-47F3-848C-B35A06DD0EDD}.Debug|Any CPU.ActiveCfg = Debug|Any CPU
		{2BDBE8E6-8FC9-47F3-848C-B35A06DD0EDD}.Debug|Any CPU.Build.0 = Debug|Any CPU
		{2BDBE8E6-8FC9-47F3-848C-B35A06DD0EDD}.Debug|x64.ActiveCfg = Debug|Any CPU
		{2BDBE8E6-8FC9-47F3-848C-B35A06DD0EDD}.Debug|x64.Build.0 = Debug|Any CPU
		{2BDBE8E6-8FC9-47F3-848C-B35A06DD0EDD}.Debug|x86.ActiveCfg = Debug|Any CPU
		{2BDBE8E6-8FC9-47F3-848C-B35A06DD0EDD}.Debug|x86.Build.0 = Debug|Any CPU
		{2BDBE8E6-8FC9-47F3-848C-B35A06DD0EDD}.Release|Any CPU.ActiveCfg = Release|Any CPU
		{2BDBE8E6-8FC9-47F3-848C-B35A06DD0EDD}.Release|Any CPU.Build.0 = Release|Any CPU
		{2BDBE8E6-8FC9-47F3-848C-B35A06DD0EDD}.Release|x64.ActiveCfg = Release|Any CPU
		{2BDBE8E6-8FC9-47F3-848C-B35A06DD0EDD}.Release|x64.Build.0 = Release|Any CPU
		{2BDBE8E6-8FC9-47F3-848C-B35A06DD0EDD}.Release|x86.ActiveCfg = Release|Any CPU
		{2BDBE8E6-8FC9-47F3-848C-B35A06DD0EDD}.Release|x86.Build.0 = Release|Any CPU
	EndGlobalSection
	GlobalSection(SolutionProperties) = preSolution
		HideSolutionNode = FALSE
	EndGlobalSection
	GlobalSection(ExtensibilityGlobals) = postSolution
		SolutionGuid = {C2217BE3-9FC0-4BCD-A4C9-AD1001ABC5E3}
	EndGlobalSection
EndGlobal
